// !$*UTF8*$!
{
	archiveVersion = 1;
	classes = {
	};
	objectVersion = 52;
	objects = {

/* Begin PBXBuildFile section */
		8E39769B26B0514800E777CE /* MovieTableViewCell.swift in Sources */ = {isa = PBXBuildFile; fileRef = 8E39769A26B0514800E777CE /* MovieTableViewCell.swift */; };
		8E39769D26B075BD00E777CE /* Movie.swift in Sources */ = {isa = PBXBuildFile; fileRef = 8E39769C26B075BD00E777CE /* Movie.swift */; };
		8E51164A26B2F403006FD958 /* PosterTableViewCell.swift in Sources */ = {isa = PBXBuildFile; fileRef = 8E51164926B2F403006FD958 /* PosterTableViewCell.swift */; };
		8E51164C26B30D9B006FD958 /* TitleTableViewCell.swift in Sources */ = {isa = PBXBuildFile; fileRef = 8E51164B26B30D9B006FD958 /* TitleTableViewCell.swift */; };
		8E51164E26B311F7006FD958 /* OverviewTableViewCell.swift in Sources */ = {isa = PBXBuildFile; fileRef = 8E51164D26B311F7006FD958 /* OverviewTableViewCell.swift */; };
		8E95988A26B19D3400849CD1 /* DetailViewController.swift in Sources */ = {isa = PBXBuildFile; fileRef = 8E95988926B19D3400849CD1 /* DetailViewController.swift */; };
		8EBA49142716B8070067F32A /* MovieView.swift in Sources */ = {isa = PBXBuildFile; fileRef = 8EBA49132716B8070067F32A /* MovieView.swift */; };
		8EBA49162716BF710067F32A /* MainViewModel.swift in Sources */ = {isa = PBXBuildFile; fileRef = 8EBA49152716BF710067F32A /* MainViewModel.swift */; };
		8EBA491A271708A20067F32A /* DetailViewModel.swift in Sources */ = {isa = PBXBuildFile; fileRef = 8EBA4919271708A20067F32A /* DetailViewModel.swift */; };
		8EBA491E27170EE50067F32A /* MoviAPIService.swift in Sources */ = {isa = PBXBuildFile; fileRef = 8EBA491D27170EE50067F32A /* MoviAPIService.swift */; };
		8EBA4920271717160067F32A /* ImageAPIService.swift in Sources */ = {isa = PBXBuildFile; fileRef = 8EBA491F271717160067F32A /* ImageAPIService.swift */; };
		8EBA49232717EAF70067F32A /* Coordinator.swift in Sources */ = {isa = PBXBuildFile; fileRef = 8EBA49222717EAF70067F32A /* Coordinator.swift */; };
		8EBA49252717EB880067F32A /* Assembly.swift in Sources */ = {isa = PBXBuildFile; fileRef = 8EBA49242717EB880067F32A /* Assembly.swift */; };
		8EBA492D27181A680067F32A /* MoviesMVVMTests.swift in Sources */ = {isa = PBXBuildFile; fileRef = 8EBA492C27181A680067F32A /* MoviesMVVMTests.swift */; };
		8EBA495E271C15A20067F32A /* RealmAPIService.swift in Sources */ = {isa = PBXBuildFile; fileRef = 8EBA495D271C15A10067F32A /* RealmAPIService.swift */; };
		8EBA4961271C16B70067F32A /* RealmSwift in Frameworks */ = {isa = PBXBuildFile; productRef = 8EBA4960271C16B70067F32A /* RealmSwift */; };
		8EBA4963271C51050067F32A /* FileManagerAPIService.swift in Sources */ = {isa = PBXBuildFile; fileRef = 8EBA4962271C51050067F32A /* FileManagerAPIService.swift */; };
		8EC6F14026B1A98F00078262 /* Constants.swift in Sources */ = {isa = PBXBuildFile; fileRef = 8EC6F13F26B1A98F00078262 /* Constants.swift */; };
		8EC6F14226B1BF9500078262 /* Helper+.swift in Sources */ = {isa = PBXBuildFile; fileRef = 8EC6F14126B1BF9500078262 /* Helper+.swift */; };
		8ECBD3DD26AEC85400D2F749 /* AppDelegate.swift in Sources */ = {isa = PBXBuildFile; fileRef = 8ECBD3DC26AEC85400D2F749 /* AppDelegate.swift */; };
		8ECBD3DF26AEC85400D2F749 /* SceneDelegate.swift in Sources */ = {isa = PBXBuildFile; fileRef = 8ECBD3DE26AEC85400D2F749 /* SceneDelegate.swift */; };
		8ECBD3E126AEC85400D2F749 /* MovieViewController.swift in Sources */ = {isa = PBXBuildFile; fileRef = 8ECBD3E026AEC85400D2F749 /* MovieViewController.swift */; };
		8ECBD3E426AEC85400D2F749 /* Main.storyboard in Resources */ = {isa = PBXBuildFile; fileRef = 8ECBD3E226AEC85400D2F749 /* Main.storyboard */; };
		8ECBD3E626AEC85600D2F749 /* Assets.xcassets in Resources */ = {isa = PBXBuildFile; fileRef = 8ECBD3E526AEC85600D2F749 /* Assets.xcassets */; };
		8ECBD3E926AEC85600D2F749 /* LaunchScreen.storyboard in Resources */ = {isa = PBXBuildFile; fileRef = 8ECBD3E726AEC85600D2F749 /* LaunchScreen.storyboard */; };
/* End PBXBuildFile section */

/* Begin PBXContainerItemProxy section */
		8EBA492E27181A680067F32A /* PBXContainerItemProxy */ = {
			isa = PBXContainerItemProxy;
			containerPortal = 8ECBD3D126AEC85400D2F749 /* Project object */;
			proxyType = 1;
			remoteGlobalIDString = 8ECBD3D826AEC85400D2F749;
			remoteInfo = MoviesMVVM;
		};
/* End PBXContainerItemProxy section */

/* Begin PBXFileReference section */
		8E39769A26B0514800E777CE /* MovieTableViewCell.swift */ = {isa = PBXFileReference; lastKnownFileType = sourcecode.swift; path = MovieTableViewCell.swift; sourceTree = "<group>"; };
		8E39769C26B075BD00E777CE /* Movie.swift */ = {isa = PBXFileReference; lastKnownFileType = sourcecode.swift; path = Movie.swift; sourceTree = "<group>"; };
		8E51164926B2F403006FD958 /* PosterTableViewCell.swift */ = {isa = PBXFileReference; lastKnownFileType = sourcecode.swift; path = PosterTableViewCell.swift; sourceTree = "<group>"; };
		8E51164B26B30D9B006FD958 /* TitleTableViewCell.swift */ = {isa = PBXFileReference; lastKnownFileType = sourcecode.swift; path = TitleTableViewCell.swift; sourceTree = "<group>"; };
		8E51164D26B311F7006FD958 /* OverviewTableViewCell.swift */ = {isa = PBXFileReference; lastKnownFileType = sourcecode.swift; path = OverviewTableViewCell.swift; sourceTree = "<group>"; };
		8E95988926B19D3400849CD1 /* DetailViewController.swift */ = {isa = PBXFileReference; fileEncoding = 4; lastKnownFileType = sourcecode.swift; path = DetailViewController.swift; sourceTree = "<group>"; };
		8EBA49132716B8070067F32A /* MovieView.swift */ = {isa = PBXFileReference; lastKnownFileType = sourcecode.swift; path = MovieView.swift; sourceTree = "<group>"; };
		8EBA49152716BF710067F32A /* MainViewModel.swift */ = {isa = PBXFileReference; lastKnownFileType = sourcecode.swift; path = MainViewModel.swift; sourceTree = "<group>"; };
		8EBA4919271708A20067F32A /* DetailViewModel.swift */ = {isa = PBXFileReference; lastKnownFileType = sourcecode.swift; path = DetailViewModel.swift; sourceTree = "<group>"; };
		8EBA491D27170EE50067F32A /* MoviAPIService.swift */ = {isa = PBXFileReference; lastKnownFileType = sourcecode.swift; path = MoviAPIService.swift; sourceTree = "<group>"; };
		8EBA491F271717160067F32A /* ImageAPIService.swift */ = {isa = PBXFileReference; lastKnownFileType = sourcecode.swift; path = ImageAPIService.swift; sourceTree = "<group>"; };
		8EBA49222717EAF70067F32A /* Coordinator.swift */ = {isa = PBXFileReference; lastKnownFileType = sourcecode.swift; path = Coordinator.swift; sourceTree = "<group>"; };
		8EBA49242717EB880067F32A /* Assembly.swift */ = {isa = PBXFileReference; lastKnownFileType = sourcecode.swift; path = Assembly.swift; sourceTree = "<group>"; };
		8EBA492A27181A680067F32A /* MoviesMVVMTests.xctest */ = {isa = PBXFileReference; explicitFileType = wrapper.cfbundle; includeInIndex = 0; path = MoviesMVVMTests.xctest; sourceTree = BUILT_PRODUCTS_DIR; };
		8EBA492C27181A680067F32A /* MoviesMVVMTests.swift */ = {isa = PBXFileReference; lastKnownFileType = sourcecode.swift; path = MoviesMVVMTests.swift; sourceTree = "<group>"; };
		8EBA495D271C15A10067F32A /* RealmAPIService.swift */ = {isa = PBXFileReference; lastKnownFileType = sourcecode.swift; path = RealmAPIService.swift; sourceTree = "<group>"; };
		8EBA4962271C51050067F32A /* FileManagerAPIService.swift */ = {isa = PBXFileReference; lastKnownFileType = sourcecode.swift; path = FileManagerAPIService.swift; sourceTree = "<group>"; };
		8EC6F13F26B1A98F00078262 /* Constants.swift */ = {isa = PBXFileReference; lastKnownFileType = sourcecode.swift; path = Constants.swift; sourceTree = "<group>"; };
		8EC6F14126B1BF9500078262 /* Helper+.swift */ = {isa = PBXFileReference; lastKnownFileType = sourcecode.swift; path = "Helper+.swift"; sourceTree = "<group>"; };
		8ECBD3D926AEC85400D2F749 /* MoviesMVVM.app */ = {isa = PBXFileReference; explicitFileType = wrapper.application; includeInIndex = 0; path = MoviesMVVM.app; sourceTree = BUILT_PRODUCTS_DIR; };
		8ECBD3DC26AEC85400D2F749 /* AppDelegate.swift */ = {isa = PBXFileReference; lastKnownFileType = sourcecode.swift; path = AppDelegate.swift; sourceTree = "<group>"; };
		8ECBD3DE26AEC85400D2F749 /* SceneDelegate.swift */ = {isa = PBXFileReference; lastKnownFileType = sourcecode.swift; path = SceneDelegate.swift; sourceTree = "<group>"; };
		8ECBD3E026AEC85400D2F749 /* MovieViewController.swift */ = {isa = PBXFileReference; lastKnownFileType = sourcecode.swift; path = MovieViewController.swift; sourceTree = "<group>"; };
		8ECBD3E326AEC85400D2F749 /* Base */ = {isa = PBXFileReference; lastKnownFileType = file.storyboard; name = Base; path = Base.lproj/Main.storyboard; sourceTree = "<group>"; };
		8ECBD3E526AEC85600D2F749 /* Assets.xcassets */ = {isa = PBXFileReference; lastKnownFileType = folder.assetcatalog; path = Assets.xcassets; sourceTree = "<group>"; };
		8ECBD3E826AEC85600D2F749 /* Base */ = {isa = PBXFileReference; lastKnownFileType = file.storyboard; name = Base; path = Base.lproj/LaunchScreen.storyboard; sourceTree = "<group>"; };
		8ECBD3EA26AEC85600D2F749 /* Info.plist */ = {isa = PBXFileReference; lastKnownFileType = text.plist.xml; path = Info.plist; sourceTree = "<group>"; };
/* End PBXFileReference section */

/* Begin PBXFrameworksBuildPhase section */
		8EBA492727181A680067F32A /* Frameworks */ = {
			isa = PBXFrameworksBuildPhase;
			buildActionMask = 2147483647;
			files = (
			);
			runOnlyForDeploymentPostprocessing = 0;
		};
		8ECBD3D626AEC85400D2F749 /* Frameworks */ = {
			isa = PBXFrameworksBuildPhase;
			buildActionMask = 2147483647;
			files = (
				8EBA4961271C16B70067F32A /* RealmSwift in Frameworks */,
			);
			runOnlyForDeploymentPostprocessing = 0;
		};
/* End PBXFrameworksBuildPhase section */

/* Begin PBXGroup section */
		8E51163F26B2EC76006FD958 /* MovieScreen */ = {
			isa = PBXGroup;
			children = (
				8E51164126B2ECCC006FD958 /* ViewModel */,
				8E51164226B2ED13006FD958 /* View */,
			);
			path = MovieScreen;
			sourceTree = "<group>";
		};
		8E51164126B2ECCC006FD958 /* ViewModel */ = {
			isa = PBXGroup;
			children = (
				8EBA49152716BF710067F32A /* MainViewModel.swift */,
			);
			path = ViewModel;
			sourceTree = "<group>";
		};
		8E51164226B2ED13006FD958 /* View */ = {
			isa = PBXGroup;
			children = (
				8ECBD3E026AEC85400D2F749 /* MovieViewController.swift */,
				8EBA49132716B8070067F32A /* MovieView.swift */,
				8E39769A26B0514800E777CE /* MovieTableViewCell.swift */,
			);
			path = View;
			sourceTree = "<group>";
		};
		8E51164326B2ED3F006FD958 /* PreviewScreen */ = {
			isa = PBXGroup;
			children = (
				8E51164426B2ED4C006FD958 /* ModelView */,
				8E51164826B2F3D3006FD958 /* Views */,
			);
			path = PreviewScreen;
			sourceTree = "<group>";
		};
		8E51164426B2ED4C006FD958 /* ModelView */ = {
			isa = PBXGroup;
			children = (
				8EBA4919271708A20067F32A /* DetailViewModel.swift */,
			);
			path = ModelView;
			sourceTree = "<group>";
		};
		8E51164526B2EE96006FD958 /* Support */ = {
			isa = PBXGroup;
			children = (
				8ECBD3DC26AEC85400D2F749 /* AppDelegate.swift */,
				8ECBD3DE26AEC85400D2F749 /* SceneDelegate.swift */,
				8ECBD3E526AEC85600D2F749 /* Assets.xcassets */,
				8ECBD3E726AEC85600D2F749 /* LaunchScreen.storyboard */,
				8ECBD3EA26AEC85600D2F749 /* Info.plist */,
			);
			path = Support;
			sourceTree = "<group>";
		};
		8E51164626B2EF01006FD958 /* Storyboards */ = {
			isa = PBXGroup;
			children = (
				8ECBD3E226AEC85400D2F749 /* Main.storyboard */,
			);
			path = Storyboards;
			sourceTree = "<group>";
		};
		8E51164726B2EF15006FD958 /* Helpers */ = {
			isa = PBXGroup;
			children = (
				8EC6F13F26B1A98F00078262 /* Constants.swift */,
				8EC6F14126B1BF9500078262 /* Helper+.swift */,
			);
			path = Helpers;
			sourceTree = "<group>";
		};
		8E51164826B2F3D3006FD958 /* Views */ = {
			isa = PBXGroup;
			children = (
				8E95988926B19D3400849CD1 /* DetailViewController.swift */,
				8E51164926B2F403006FD958 /* PosterTableViewCell.swift */,
				8E51164B26B30D9B006FD958 /* TitleTableViewCell.swift */,
				8E51164D26B311F7006FD958 /* OverviewTableViewCell.swift */,
			);
			path = Views;
			sourceTree = "<group>";
		};
		8EBA491B27170E910067F32A /* Model */ = {
			isa = PBXGroup;
			children = (
				8E39769C26B075BD00E777CE /* Movie.swift */,
			);
			path = Model;
			sourceTree = "<group>";
		};
		8EBA491C27170ED40067F32A /* Service */ = {
			isa = PBXGroup;
			children = (
				8EBA491D27170EE50067F32A /* MoviAPIService.swift */,
				8EBA491F271717160067F32A /* ImageAPIService.swift */,
				8EBA495D271C15A10067F32A /* RealmAPIService.swift */,
				8EBA4962271C51050067F32A /* FileManagerAPIService.swift */,
			);
			path = Service;
			sourceTree = "<group>";
		};
		8EBA49212717EAE50067F32A /* Coordinator */ = {
			isa = PBXGroup;
			children = (
				8EBA49222717EAF70067F32A /* Coordinator.swift */,
				8EBA49242717EB880067F32A /* Assembly.swift */,
			);
			path = Coordinator;
			sourceTree = "<group>";
		};
		8EBA492B27181A680067F32A /* MoviesMVVMTests */ = {
			isa = PBXGroup;
			children = (
				8EBA492C27181A680067F32A /* MoviesMVVMTests.swift */,
			);
			path = MoviesMVVMTests;
			sourceTree = "<group>";
		};
		8ECBD3D026AEC85400D2F749 = {
			isa = PBXGroup;
			children = (
				8ECBD3DB26AEC85400D2F749 /* MoviesMVVM */,
				8EBA492B27181A680067F32A /* MoviesMVVMTests */,
				8ECBD3DA26AEC85400D2F749 /* Products */,
			);
			sourceTree = "<group>";
		};
		8ECBD3DA26AEC85400D2F749 /* Products */ = {
			isa = PBXGroup;
			children = (
				8ECBD3D926AEC85400D2F749 /* MoviesMVVM.app */,
				8EBA492A27181A680067F32A /* MoviesMVVMTests.xctest */,
			);
			name = Products;
			sourceTree = "<group>";
		};
		8ECBD3DB26AEC85400D2F749 /* MoviesMVVM */ = {
			isa = PBXGroup;
			children = (
				8EBA49212717EAE50067F32A /* Coordinator */,
				8EBA491C27170ED40067F32A /* Service */,
				8E51164626B2EF01006FD958 /* Storyboards */,
				8E51164526B2EE96006FD958 /* Support */,
				8EBA491B27170E910067F32A /* Model */,
				8E51163F26B2EC76006FD958 /* MovieScreen */,
				8E51164326B2ED3F006FD958 /* PreviewScreen */,
				8E51164726B2EF15006FD958 /* Helpers */,
			);
			path = MoviesMVVM;
			sourceTree = "<group>";
		};
/* End PBXGroup section */

/* Begin PBXNativeTarget section */
		8EBA492927181A680067F32A /* MoviesMVVMTests */ = {
			isa = PBXNativeTarget;
			buildConfigurationList = 8EBA493027181A680067F32A /* Build configuration list for PBXNativeTarget "MoviesMVVMTests" */;
			buildPhases = (
				8EBA492627181A680067F32A /* Sources */,
				8EBA492727181A680067F32A /* Frameworks */,
				8EBA492827181A680067F32A /* Resources */,
			);
			buildRules = (
			);
			dependencies = (
				8EBA492F27181A680067F32A /* PBXTargetDependency */,
			);
			name = MoviesMVVMTests;
			productName = MoviesMVVMTests;
			productReference = 8EBA492A27181A680067F32A /* MoviesMVVMTests.xctest */;
			productType = "com.apple.product-type.bundle.unit-test";
		};
		8ECBD3D826AEC85400D2F749 /* MoviesMVVM */ = {
			isa = PBXNativeTarget;
			buildConfigurationList = 8ECBD3ED26AEC85600D2F749 /* Build configuration list for PBXNativeTarget "MoviesMVVM" */;
			buildPhases = (
				8ECBD3F126AEED9700D2F749 /* SwiftFormat */,
				8ECBD3F026AEECA100D2F749 /* SwiftLint */,
				8ECBD3D526AEC85400D2F749 /* Sources */,
				8ECBD3D626AEC85400D2F749 /* Frameworks */,
				8ECBD3D726AEC85400D2F749 /* Resources */,
			);
			buildRules = (
			);
			dependencies = (
			);
			name = MoviesMVVM;
			packageProductDependencies = (
				8EBA4960271C16B70067F32A /* RealmSwift */,
			);
			productName = Movies;
			productReference = 8ECBD3D926AEC85400D2F749 /* MoviesMVVM.app */;
			productType = "com.apple.product-type.application";
		};
/* End PBXNativeTarget section */

/* Begin PBXProject section */
		8ECBD3D126AEC85400D2F749 /* Project object */ = {
			isa = PBXProject;
			attributes = {
				LastSwiftUpdateCheck = 1300;
				LastUpgradeCheck = 1250;
				TargetAttributes = {
					8EBA492927181A680067F32A = {
						CreatedOnToolsVersion = 13.0;
						TestTargetID = 8ECBD3D826AEC85400D2F749;
					};
					8ECBD3D826AEC85400D2F749 = {
						CreatedOnToolsVersion = 12.5.1;
					};
				};
			};
			buildConfigurationList = 8ECBD3D426AEC85400D2F749 /* Build configuration list for PBXProject "MoviesMVVM" */;
			compatibilityVersion = "Xcode 9.3";
			developmentRegion = en;
			hasScannedForEncodings = 0;
			knownRegions = (
				en,
				Base,
			);
			mainGroup = 8ECBD3D026AEC85400D2F749;
			packageReferences = (
				8EBA495F271C16B70067F32A /* XCRemoteSwiftPackageReference "realm-cocoa" */,
			);
			productRefGroup = 8ECBD3DA26AEC85400D2F749 /* Products */;
			projectDirPath = "";
			projectRoot = "";
			targets = (
				8ECBD3D826AEC85400D2F749 /* MoviesMVVM */,
				8EBA492927181A680067F32A /* MoviesMVVMTests */,
			);
		};
/* End PBXProject section */

/* Begin PBXResourcesBuildPhase section */
		8EBA492827181A680067F32A /* Resources */ = {
			isa = PBXResourcesBuildPhase;
			buildActionMask = 2147483647;
			files = (
			);
			runOnlyForDeploymentPostprocessing = 0;
		};
		8ECBD3D726AEC85400D2F749 /* Resources */ = {
			isa = PBXResourcesBuildPhase;
			buildActionMask = 2147483647;
			files = (
				8ECBD3E926AEC85600D2F749 /* LaunchScreen.storyboard in Resources */,
				8ECBD3E626AEC85600D2F749 /* Assets.xcassets in Resources */,
				8ECBD3E426AEC85400D2F749 /* Main.storyboard in Resources */,
			);
			runOnlyForDeploymentPostprocessing = 0;
		};
/* End PBXResourcesBuildPhase section */

/* Begin PBXShellScriptBuildPhase section */
		8ECBD3F026AEECA100D2F749 /* SwiftLint */ = {
			isa = PBXShellScriptBuildPhase;
			buildActionMask = 2147483647;
			files = (
			);
			inputFileListPaths = (
			);
			inputPaths = (
			);
			name = SwiftLint;
			outputFileListPaths = (
			);
			outputPaths = (
			);
			runOnlyForDeploymentPostprocessing = 0;
			shellPath = /bin/sh;
			shellScript = "if which swiftlint >/dev/null; then\n  swiftlint\nelse\n  echo \"warning: SwiftLint not installed, download from https://github.com/realm/SwiftLint\"\nfi\n";
		};
		8ECBD3F126AEED9700D2F749 /* SwiftFormat */ = {
			isa = PBXShellScriptBuildPhase;
			buildActionMask = 2147483647;
			files = (
			);
			inputFileListPaths = (
			);
			inputPaths = (
			);
			name = SwiftFormat;
			outputFileListPaths = (
			);
			outputPaths = (
			);
			runOnlyForDeploymentPostprocessing = 0;
			shellPath = /bin/sh;
			shellScript = "if which swiftformat >/dev/null; then\n  swiftformat .\nelse\n  echo \"warning: SwiftFormat not installed, download from https://github.com/nicklockwood/SwiftFormat\"\nfi\n";
		};
/* End PBXShellScriptBuildPhase section */

/* Begin PBXSourcesBuildPhase section */
		8EBA492627181A680067F32A /* Sources */ = {
			isa = PBXSourcesBuildPhase;
			buildActionMask = 2147483647;
			files = (
				8EBA492D27181A680067F32A /* MoviesMVVMTests.swift in Sources */,
			);
			runOnlyForDeploymentPostprocessing = 0;
		};
		8ECBD3D526AEC85400D2F749 /* Sources */ = {
			isa = PBXSourcesBuildPhase;
			buildActionMask = 2147483647;
			files = (
				8E51164E26B311F7006FD958 /* OverviewTableViewCell.swift in Sources */,
				8EBA49142716B8070067F32A /* MovieView.swift in Sources */,
				8E51164C26B30D9B006FD958 /* TitleTableViewCell.swift in Sources */,
				8E51164A26B2F403006FD958 /* PosterTableViewCell.swift in Sources */,
				8ECBD3E126AEC85400D2F749 /* MovieViewController.swift in Sources */,
				8EBA49162716BF710067F32A /* MainViewModel.swift in Sources */,
				8ECBD3DD26AEC85400D2F749 /* AppDelegate.swift in Sources */,
				8EBA495E271C15A20067F32A /* RealmAPIService.swift in Sources */,
				8EBA4963271C51050067F32A /* FileManagerAPIService.swift in Sources */,
				8E39769B26B0514800E777CE /* MovieTableViewCell.swift in Sources */,
				8EC6F14226B1BF9500078262 /* Helper+.swift in Sources */,
				8EBA491A271708A20067F32A /* DetailViewModel.swift in Sources */,
				8EBA49232717EAF70067F32A /* Coordinator.swift in Sources */,
				8EBA491E27170EE50067F32A /* MoviAPIService.swift in Sources */,
				8ECBD3DF26AEC85400D2F749 /* SceneDelegate.swift in Sources */,
				8EBA49252717EB880067F32A /* Assembly.swift in Sources */,
				8EC6F14026B1A98F00078262 /* Constants.swift in Sources */,
				8E39769D26B075BD00E777CE /* Movie.swift in Sources */,
				8EBA4920271717160067F32A /* ImageAPIService.swift in Sources */,
				8E95988A26B19D3400849CD1 /* DetailViewController.swift in Sources */,
			);
			runOnlyForDeploymentPostprocessing = 0;
		};
/* End PBXSourcesBuildPhase section */

/* Begin PBXTargetDependency section */
		8EBA492F27181A680067F32A /* PBXTargetDependency */ = {
			isa = PBXTargetDependency;
			target = 8ECBD3D826AEC85400D2F749 /* MoviesMVVM */;
			targetProxy = 8EBA492E27181A680067F32A /* PBXContainerItemProxy */;
		};
/* End PBXTargetDependency section */

/* Begin PBXVariantGroup section */
		8ECBD3E226AEC85400D2F749 /* Main.storyboard */ = {
			isa = PBXVariantGroup;
			children = (
				8ECBD3E326AEC85400D2F749 /* Base */,
			);
			name = Main.storyboard;
			sourceTree = "<group>";
		};
		8ECBD3E726AEC85600D2F749 /* LaunchScreen.storyboard */ = {
			isa = PBXVariantGroup;
			children = (
				8ECBD3E826AEC85600D2F749 /* Base */,
			);
			name = LaunchScreen.storyboard;
			sourceTree = "<group>";
		};
/* End PBXVariantGroup section */

/* Begin XCBuildConfiguration section */
		8EBA493127181A680067F32A /* Debug */ = {
			isa = XCBuildConfiguration;
			buildSettings = {
				BUNDLE_LOADER = "$(TEST_HOST)";
				CLANG_CXX_LANGUAGE_STANDARD = "gnu++17";
				CODE_SIGN_STYLE = Automatic;
				CURRENT_PROJECT_VERSION = 1;
				DEVELOPMENT_TEAM = V3N35J8PAK;
				GENERATE_INFOPLIST_FILE = YES;
				IPHONEOS_DEPLOYMENT_TARGET = 15.0;
				LD_RUNPATH_SEARCH_PATHS = (
					"$(inherited)",
					"@executable_path/Frameworks",
					"@loader_path/Frameworks",
				);
				MARKETING_VERSION = 1.0;
				PRODUCT_BUNDLE_IDENTIFIER = ArdakDev.MoviesMVVMTests;
				PRODUCT_NAME = "$(TARGET_NAME)";
				SWIFT_EMIT_LOC_STRINGS = NO;
				SWIFT_VERSION = 5.0;
				TARGETED_DEVICE_FAMILY = "1,2";
				TEST_HOST = "$(BUILT_PRODUCTS_DIR)/MoviesMVVM.app/MoviesMVVM";
			};
			name = Debug;
		};
		8EBA493227181A680067F32A /* Release */ = {
			isa = XCBuildConfiguration;
			buildSettings = {
				BUNDLE_LOADER = "$(TEST_HOST)";
				CLANG_CXX_LANGUAGE_STANDARD = "gnu++17";
				CODE_SIGN_STYLE = Automatic;
				CURRENT_PROJECT_VERSION = 1;
				DEVELOPMENT_TEAM = V3N35J8PAK;
				GENERATE_INFOPLIST_FILE = YES;
				IPHONEOS_DEPLOYMENT_TARGET = 15.0;
				LD_RUNPATH_SEARCH_PATHS = (
					"$(inherited)",
					"@executable_path/Frameworks",
					"@loader_path/Frameworks",
				);
				MARKETING_VERSION = 1.0;
				PRODUCT_BUNDLE_IDENTIFIER = ArdakDev.MoviesMVVMTests;
				PRODUCT_NAME = "$(TARGET_NAME)";
				SWIFT_EMIT_LOC_STRINGS = NO;
				SWIFT_VERSION = 5.0;
				TARGETED_DEVICE_FAMILY = "1,2";
				TEST_HOST = "$(BUILT_PRODUCTS_DIR)/MoviesMVVM.app/MoviesMVVM";
			};
			name = Release;
		};
		8ECBD3EB26AEC85600D2F749 /* Debug */ = {
			isa = XCBuildConfiguration;
			buildSettings = {
				ALWAYS_SEARCH_USER_PATHS = NO;
				CLANG_ANALYZER_NONNULL = YES;
				CLANG_ANALYZER_NUMBER_OBJECT_CONVERSION = YES_AGGRESSIVE;
				CLANG_CXX_LANGUAGE_STANDARD = "gnu++14";
				CLANG_CXX_LIBRARY = "libc++";
				CLANG_ENABLE_MODULES = YES;
				CLANG_ENABLE_OBJC_ARC = YES;
				CLANG_ENABLE_OBJC_WEAK = YES;
				CLANG_WARN_BLOCK_CAPTURE_AUTORELEASING = YES;
				CLANG_WARN_BOOL_CONVERSION = YES;
				CLANG_WARN_COMMA = YES;
				CLANG_WARN_CONSTANT_CONVERSION = YES;
				CLANG_WARN_DEPRECATED_OBJC_IMPLEMENTATIONS = YES;
				CLANG_WARN_DIRECT_OBJC_ISA_USAGE = YES_ERROR;
				CLANG_WARN_DOCUMENTATION_COMMENTS = YES;
				CLANG_WARN_EMPTY_BODY = YES;
				CLANG_WARN_ENUM_CONVERSION = YES;
				CLANG_WARN_INFINITE_RECURSION = YES;
				CLANG_WARN_INT_CONVERSION = YES;
				CLANG_WARN_NON_LITERAL_NULL_CONVERSION = YES;
				CLANG_WARN_OBJC_IMPLICIT_RETAIN_SELF = YES;
				CLANG_WARN_OBJC_LITERAL_CONVERSION = YES;
				CLANG_WARN_OBJC_ROOT_CLASS = YES_ERROR;
				CLANG_WARN_QUOTED_INCLUDE_IN_FRAMEWORK_HEADER = YES;
				CLANG_WARN_RANGE_LOOP_ANALYSIS = YES;
				CLANG_WARN_STRICT_PROTOTYPES = YES;
				CLANG_WARN_SUSPICIOUS_MOVE = YES;
				CLANG_WARN_UNGUARDED_AVAILABILITY = YES_AGGRESSIVE;
				CLANG_WARN_UNREACHABLE_CODE = YES;
				CLANG_WARN__DUPLICATE_METHOD_MATCH = YES;
				COPY_PHASE_STRIP = NO;
				DEBUG_INFORMATION_FORMAT = dwarf;
				ENABLE_STRICT_OBJC_MSGSEND = YES;
				ENABLE_TESTABILITY = YES;
				GCC_C_LANGUAGE_STANDARD = gnu11;
				GCC_DYNAMIC_NO_PIC = NO;
				GCC_NO_COMMON_BLOCKS = YES;
				GCC_OPTIMIZATION_LEVEL = 0;
				GCC_PREPROCESSOR_DEFINITIONS = (
					"DEBUG=1",
					"$(inherited)",
				);
				GCC_WARN_64_TO_32_BIT_CONVERSION = YES;
				GCC_WARN_ABOUT_RETURN_TYPE = YES_ERROR;
				GCC_WARN_UNDECLARED_SELECTOR = YES;
				GCC_WARN_UNINITIALIZED_AUTOS = YES_AGGRESSIVE;
				GCC_WARN_UNUSED_FUNCTION = YES;
				GCC_WARN_UNUSED_VARIABLE = YES;
				IPHONEOS_DEPLOYMENT_TARGET = 14.5;
				MTL_ENABLE_DEBUG_INFO = INCLUDE_SOURCE;
				MTL_FAST_MATH = YES;
				ONLY_ACTIVE_ARCH = YES;
				SDKROOT = iphoneos;
				SWIFT_ACTIVE_COMPILATION_CONDITIONS = DEBUG;
				SWIFT_OPTIMIZATION_LEVEL = "-Onone";
			};
			name = Debug;
		};
		8ECBD3EC26AEC85600D2F749 /* Release */ = {
			isa = XCBuildConfiguration;
			buildSettings = {
				ALWAYS_SEARCH_USER_PATHS = NO;
				CLANG_ANALYZER_NONNULL = YES;
				CLANG_ANALYZER_NUMBER_OBJECT_CONVERSION = YES_AGGRESSIVE;
				CLANG_CXX_LANGUAGE_STANDARD = "gnu++14";
				CLANG_CXX_LIBRARY = "libc++";
				CLANG_ENABLE_MODULES = YES;
				CLANG_ENABLE_OBJC_ARC = YES;
				CLANG_ENABLE_OBJC_WEAK = YES;
				CLANG_WARN_BLOCK_CAPTURE_AUTORELEASING = YES;
				CLANG_WARN_BOOL_CONVERSION = YES;
				CLANG_WARN_COMMA = YES;
				CLANG_WARN_CONSTANT_CONVERSION = YES;
				CLANG_WARN_DEPRECATED_OBJC_IMPLEMENTATIONS = YES;
				CLANG_WARN_DIRECT_OBJC_ISA_USAGE = YES_ERROR;
				CLANG_WARN_DOCUMENTATION_COMMENTS = YES;
				CLANG_WARN_EMPTY_BODY = YES;
				CLANG_WARN_ENUM_CONVERSION = YES;
				CLANG_WARN_INFINITE_RECURSION = YES;
				CLANG_WARN_INT_CONVERSION = YES;
				CLANG_WARN_NON_LITERAL_NULL_CONVERSION = YES;
				CLANG_WARN_OBJC_IMPLICIT_RETAIN_SELF = YES;
				CLANG_WARN_OBJC_LITERAL_CONVERSION = YES;
				CLANG_WARN_OBJC_ROOT_CLASS = YES_ERROR;
				CLANG_WARN_QUOTED_INCLUDE_IN_FRAMEWORK_HEADER = YES;
				CLANG_WARN_RANGE_LOOP_ANALYSIS = YES;
				CLANG_WARN_STRICT_PROTOTYPES = YES;
				CLANG_WARN_SUSPICIOUS_MOVE = YES;
				CLANG_WARN_UNGUARDED_AVAILABILITY = YES_AGGRESSIVE;
				CLANG_WARN_UNREACHABLE_CODE = YES;
				CLANG_WARN__DUPLICATE_METHOD_MATCH = YES;
				COPY_PHASE_STRIP = NO;
				DEBUG_INFORMATION_FORMAT = "dwarf-with-dsym";
				ENABLE_NS_ASSERTIONS = NO;
				ENABLE_STRICT_OBJC_MSGSEND = YES;
				GCC_C_LANGUAGE_STANDARD = gnu11;
				GCC_NO_COMMON_BLOCKS = YES;
				GCC_WARN_64_TO_32_BIT_CONVERSION = YES;
				GCC_WARN_ABOUT_RETURN_TYPE = YES_ERROR;
				GCC_WARN_UNDECLARED_SELECTOR = YES;
				GCC_WARN_UNINITIALIZED_AUTOS = YES_AGGRESSIVE;
				GCC_WARN_UNUSED_FUNCTION = YES;
				GCC_WARN_UNUSED_VARIABLE = YES;
				IPHONEOS_DEPLOYMENT_TARGET = 14.5;
				MTL_ENABLE_DEBUG_INFO = NO;
				MTL_FAST_MATH = YES;
				SDKROOT = iphoneos;
				SWIFT_COMPILATION_MODE = wholemodule;
				SWIFT_OPTIMIZATION_LEVEL = "-O";
				VALIDATE_PRODUCT = YES;
			};
			name = Release;
		};
		8ECBD3EE26AEC85600D2F749 /* Debug */ = {
			isa = XCBuildConfiguration;
			buildSettings = {
				ASSETCATALOG_COMPILER_APPICON_NAME = AppIcon;
				ASSETCATALOG_COMPILER_GLOBAL_ACCENT_COLOR_NAME = AccentColor;
				CODE_SIGN_STYLE = Automatic;
				DEVELOPMENT_TEAM = V3N35J8PAK;
				INFOPLIST_FILE = MoviesMVVM/Support/Info.plist;
				LD_RUNPATH_SEARCH_PATHS = (
					"$(inherited)",
					"@executable_path/Frameworks",
				);
				PRODUCT_BUNDLE_IDENTIFIER = ArdakDev.Movies;
				PRODUCT_NAME = "$(TARGET_NAME)";
				SWIFT_VERSION = 5.0;
				TARGETED_DEVICE_FAMILY = "1,2";
			};
			name = Debug;
		};
		8ECBD3EF26AEC85600D2F749 /* Release */ = {
			isa = XCBuildConfiguration;
			buildSettings = {
				ASSETCATALOG_COMPILER_APPICON_NAME = AppIcon;
				ASSETCATALOG_COMPILER_GLOBAL_ACCENT_COLOR_NAME = AccentColor;
				CODE_SIGN_STYLE = Automatic;
				DEVELOPMENT_TEAM = V3N35J8PAK;
				INFOPLIST_FILE = MoviesMVVM/Support/Info.plist;
				LD_RUNPATH_SEARCH_PATHS = (
					"$(inherited)",
					"@executable_path/Frameworks",
				);
				PRODUCT_BUNDLE_IDENTIFIER = ArdakDev.Movies;
				PRODUCT_NAME = "$(TARGET_NAME)";
				SWIFT_VERSION = 5.0;
				TARGETED_DEVICE_FAMILY = "1,2";
			};
			name = Release;
		};
/* End XCBuildConfiguration section */

/* Begin XCConfigurationList section */
		8EBA493027181A680067F32A /* Build configuration list for PBXNativeTarget "MoviesMVVMTests" */ = {
			isa = XCConfigurationList;
			buildConfigurations = (
				8EBA493127181A680067F32A /* Debug */,
				8EBA493227181A680067F32A /* Release */,
			);
			defaultConfigurationIsVisible = 0;
			defaultConfigurationName = Release;
		};
		8ECBD3D426AEC85400D2F749 /* Build configuration list for PBXProject "MoviesMVVM" */ = {
			isa = XCConfigurationList;
			buildConfigurations = (
				8ECBD3EB26AEC85600D2F749 /* Debug */,
				8ECBD3EC26AEC85600D2F749 /* Release */,
			);
			defaultConfigurationIsVisible = 0;
			defaultConfigurationName = Release;
		};
		8ECBD3ED26AEC85600D2F749 /* Build configuration list for PBXNativeTarget "MoviesMVVM" */ = {
			isa = XCConfigurationList;
			buildConfigurations = (
				8ECBD3EE26AEC85600D2F749 /* Debug */,
				8ECBD3EF26AEC85600D2F749 /* Release */,
			);
			defaultConfigurationIsVisible = 0;
			defaultConfigurationName = Release;
		};
/* End XCConfigurationList section */

/* Begin XCRemoteSwiftPackageReference section */
		8EBA495F271C16B70067F32A /* XCRemoteSwiftPackageReference "realm-cocoa" */ = {
			isa = XCRemoteSwiftPackageReference;
			repositoryURL = "https://github.com/realm/realm-cocoa";
			requirement = {
				kind = upToNextMajorVersion;
				minimumVersion = 5.0.0;
			};
		};
/* End XCRemoteSwiftPackageReference section */

/* Begin XCSwiftPackageProductDependency section */
		8EBA4960271C16B70067F32A /* RealmSwift */ = {
			isa = XCSwiftPackageProductDependency;
			package = 8EBA495F271C16B70067F32A /* XCRemoteSwiftPackageReference "realm-cocoa" */;
			productName = RealmSwift;
		};
/* End XCSwiftPackageProductDependency section */
	};
	rootObject = 8ECBD3D126AEC85400D2F749 /* Project object */;
}
